
Microsoft Visual Studio Solution File, Format Version 12.00
# Visual Studio Version 16
VisualStudioVersion = 16.0.31025.194
MinimumVisualStudioVersion = 10.0.40219.1
Project("{FAE04EC0-301F-11D3-BF4B-00C04F79EFBC}") = "Prototipos de tela", "Prototipos de tela\Prototipos de tela.csproj", "{8E9E64BA-2247-4ED8-B1D9-E3364688F48D}"
EndProject
Global
	GlobalSection(SolutionConfigurationPlatforms) = preSolution
		Debug|Any CPU = Debug|Any CPU
		Release|Any CPU = Release|Any CPU
	EndGlobalSection
	GlobalSection(ProjectConfigurationPlatforms) = postSolution
		{8E9E64BA-2247-4ED8-B1D9-E3364688F48D}.Debug|Any CPU.ActiveCfg = Debug|Any CPU
		{8E9E64BA-2247-4ED8-B1D9-E3364688F48D}.Debug|Any CPU.Build.0 = Debug|Any CPU
		{8E9E64BA-2247-4ED8-B1D9-E3364688F48D}.Release|Any CPU.ActiveCfg = Release|Any CPU
		{8E9E64BA-2247-4ED8-B1D9-E3364688F48D}.Release|Any CPU.Build.0 = Release|Any CPU
	EndGlobalSection
	GlobalSection(SolutionProperties) = preSolution
		HideSolutionNode = FALSE
	EndGlobalSection
	GlobalSection(ExtensibilityGlobals) = postSolution
		SolutionGuid = {34F4E1CA-4CB6-4960-8924-B6FDB66E8C69}
	EndGlobalSection
EndGlobal
